PODS:
  - Bolts (1.1.0)
  - CocoaLumberjack (1.9.1):
    - CocoaLumberjack/Extensions
  - CocoaLumberjack/Core (1.9.1)
  - CocoaLumberjack/Extensions (1.9.1):
    - CocoaLumberjack/Core
  - CrashlyticsFramework (2.2.1)
  - Facebook-iOS-SDK (3.15.1):
    - Bolts
  - MagicalRecord (2.2):
    - MagicalRecord/Core
  - MagicalRecord/Core (2.2)
  - MBProgressHUD (0.8)
  - Parse-iOS-SDK (1.2.19):
    - Facebook-iOS-SDK (~> 3.7)
  - PBWebViewController (0.2)
  - Reachability (3.1.1)
  - SDWebImage (3.6):
    - SDWebImage/Core
  - SDWebImage/Core (3.6)

DEPENDENCIES:
  - CocoaLumberjack (~> 1.8)
  - CrashlyticsFramework (~> 2.1)
  - MagicalRecord (~> 2.2)
  - MBProgressHUD (~> 0.8)
  - Parse-iOS-SDK (~> 1.2.16)
  - PBWebViewController (~> 0.1)
  - Reachability (~> 3.1)
  - SDWebImage (~> 3.5)

SPEC CHECKSUMS:
  Bolts: 91c2af8eae1d44e1dd75946a5b0ae04a43ea43e4
  CocoaLumberjack: 94accd5749f5c5d15134c8d50f34a973aed8ef69
  CrashlyticsFramework: a9d172599c3a34e68067e16446a764041b980162
  Facebook-iOS-SDK: 56214af8e0ef16e751eb2804250326b709e571b8
  MagicalRecord: 2b471584fc9e3137f3d0a56967917baa4979e224
  MBProgressHUD: c356980b0cd097f19acec959b49dca5eb8ec31be
  Parse-iOS-SDK: 5e1f7e649a02f1cc19e73cc95bd43d7778848314
  PBWebViewController: 4ce33129c0f0adfce9cec105be4d48c7c9b70026
  Reachability: 8e9635e3cb4f98e7f825e51147f677ecc694d0e7
  SDWebImage: c6989652c1cdf27cbdf3f56957e2030f825af5bc

COCOAPODS: 0.33.1
