PODS:
  - Bolts (1.2.2):
    - Bolts/AppLinks (= 1.2.2)
    - Bolts/Tasks (= 1.2.2)
  - Bolts/AppLinks (1.2.2):
    - Bolts/Tasks
  - Bolts/Tasks (1.2.2)
  - CocoaLumberjack (1.9.1):
    - CocoaLumberjack/Extensions (= 1.9.1)
  - CocoaLumberjack/Core (1.9.1)
  - CocoaLumberjack/Extensions (1.9.1):
    - CocoaLumberjack/Core
  - Facebook-iOS-SDK (3.24.0):
    - Bolts (~> 1.2)
  - MBProgressHUD (0.8)
  - Parse (1.7.1):
    - Bolts (~> 1.1)
  - ParseCrashReporting (1.7.1):
    - Parse (~> 1.7.1)
  - ParseFacebookUtils (1.7.1):
    - Facebook-iOS-SDK (~> 3.23)
    - Parse (~> 1.7.1)
  - ParseUI (1.1.0):
    - Parse (~> 1.6)
    - ParseFacebookUtils (~> 1.6)
  - PBWebViewController (0.2)
  - PBYouTubeVideoViewController (1.0.1)
  - QuickDialog (1.0):
    - QuickDialog/Core (= 1.0)
  - QuickDialog/Core (1.0)
  - Reachability (3.1.1)
  - SDWebImage (3.7.1):
    - SDWebImage/Core (= 3.7.1)
  - SDWebImage/Core (3.7.1)

DEPENDENCIES:
  - CocoaLumberjack (= 1.9.1)
  - MBProgressHUD (= 0.8)
  - Parse (= 1.7.1)
  - ParseCrashReporting (= 1.7.1)
  - ParseUI (= 1.1)
  - PBWebViewController (= 0.2)
  - PBYouTubeVideoViewController (= 1.0.1)
  - QuickDialog (= 1.0)
  - Reachability (= 3.1.1)
  - SDWebImage (= 3.7.1)

SPEC CHECKSUMS:
  Bolts: 20a2bd788273360cb1e31530dc19b8544eef2544
  CocoaLumberjack: e9b828e64142be63c1c130517b33aa5e235d2413
  Facebook-iOS-SDK: cb209af2e67e3a5d323f966c22e4e482e819405e
  MBProgressHUD: 8688c331cb64702283be37ab8d7d329cdd25f251
  Parse: fa8ec29de6d82035635986c11946299fb1b38316
  ParseCrashReporting: 9aeff8680d500e5e833564fca5b60333f7bb7403
  ParseFacebookUtils: fa09adf78372b589163b5a71a34d6ebc7eb83395
  ParseUI: 03fc6b0a15db10eecccf8140b658c35107111931
  PBWebViewController: 36fe0b78e098e1c281adf8a41bdbaa8507429d14
  PBYouTubeVideoViewController: cd27629f431b97bdbe139acbc74a0e61df89f496
  QuickDialog: ea2e68e0611ec012bcbd9d0e1d703d566a4c7355
  Reachability: dd9aa4fb6667b9f787690a74f53cb7634ce99893
  SDWebImage: ed3095af2ff88b436426037444979b917f6c5575

COCOAPODS: 0.37.2
