// !$*UTF8*$!
{
	archiveVersion = 1;
	classes = {
	};
	objectVersion = 46;
	objects = {

/* Begin PBXBuildFile section */
		680006E01910C4150002D604 /* ComicThumbs in Resources */ = {isa = PBXBuildFile; fileRef = 680006DF1910C4150002D604 /* ComicThumbs */; };
		68006C761BAB58E2007F8A00 /* AppDelegate.swift in Sources */ = {isa = PBXBuildFile; fileRef = 68006C751BAB58E2007F8A00 /* AppDelegate.swift */; settings = {ASSET_TAGS = (); }; };
		68024D341A628DA600D2A900 /* KJSocialLink+Methods.m in Sources */ = {isa = PBXBuildFile; fileRef = 68024D331A628DA600D2A900 /* KJSocialLink+Methods.m */; };
		6809619B1CA9D33C00980379 /* ParseDataOperation.swift in Sources */ = {isa = PBXBuildFile; fileRef = 6809619A1CA9D33C00980379 /* ParseDataOperation.swift */; settings = {ASSET_TAGS = (); }; };
		680B6FF11A623D2D006807E4 /* UIFontDescriptor+JohnRoderickPaine.m in Sources */ = {isa = PBXBuildFile; fileRef = 680B6FF01A623D2D006807E4 /* UIFontDescriptor+JohnRoderickPaine.m */; };
		680CF071190F8DBD00A0E296 /* KJComicDetailCell.m in Sources */ = {isa = PBXBuildFile; fileRef = 680CF070190F8DBD00A0E296 /* KJComicDetailCell.m */; };
		680CF0C61A7F730F009250E3 /* KJVideoCell.m in Sources */ = {isa = PBXBuildFile; fileRef = 680CF0C41A7F730F009250E3 /* KJVideoCell.m */; };
		680CF0C71A7F730F009250E3 /* KJVideoCell.xib in Resources */ = {isa = PBXBuildFile; fileRef = 680CF0C51A7F730F009250E3 /* KJVideoCell.xib */; };
		681347051AF26781009DCF88 /* KJVideoCellTests.m in Sources */ = {isa = PBXBuildFile; fileRef = 681347041AF26781009DCF88 /* KJVideoCellTests.m */; };
		68211A211927A95000B24BF1 /* Localizable.strings in Resources */ = {isa = PBXBuildFile; fileRef = 68211A231927A95000B24BF1 /* Localizable.strings */; };
		683DC0341A6B5DF40051A7DB /* KJVideoViewController.m in Sources */ = {isa = PBXBuildFile; fileRef = 683DC0331A6B5DF40051A7DB /* KJVideoViewController.m */; };
		685C171118E2745A00088D26 /* Comics in Resources */ = {isa = PBXBuildFile; fileRef = 685C171018E2745A00088D26 /* Comics */; };
		685C171718E29B5300088D26 /* KJComic.m in Sources */ = {isa = PBXBuildFile; fileRef = 685C171618E29B5300088D26 /* KJComic.m */; };
		68659F3E1A5E99240048A887 /* Settings.bundle in Resources */ = {isa = PBXBuildFile; fileRef = 68659F3D1A5E99240048A887 /* Settings.bundle */; };
		686803AA1CA9ED7C0058FA0A /* ParseDoodleDataOperation.swift in Sources */ = {isa = PBXBuildFile; fileRef = 686803A91CA9ED7C0058FA0A /* ParseDoodleDataOperation.swift */; settings = {ASSET_TAGS = (); }; };
		686803AC1CAA0D960058FA0A /* DoodlesViewDataSource.swift in Sources */ = {isa = PBXBuildFile; fileRef = 686803AB1CAA0D960058FA0A /* DoodlesViewDataSource.swift */; settings = {ASSET_TAGS = (); }; };
		686803AE1CAA17F80058FA0A /* ParseComicDataOperation.swift in Sources */ = {isa = PBXBuildFile; fileRef = 686803AD1CAA17F80058FA0A /* ParseComicDataOperation.swift */; settings = {ASSET_TAGS = (); }; };
		6876CFCD19184EC3003F3231 /* KJRandomFavouriteActivity.m in Sources */ = {isa = PBXBuildFile; fileRef = 6876CFCC19184EC3003F3231 /* KJRandomFavouriteActivity.m */; };
		6876CFD0191882B4003F3231 /* KJFavDoodlesListView.m in Sources */ = {isa = PBXBuildFile; fileRef = 6876CFCF191882B4003F3231 /* KJFavDoodlesListView.m */; };
		6876CFD51919A383003F3231 /* JPLReachabilityManager.m in Sources */ = {isa = PBXBuildFile; fileRef = 6876CFD41919A383003F3231 /* JPLReachabilityManager.m */; };
		6876CFD71919B797003F3231 /* KJSocialLinkCell.xib in Resources */ = {isa = PBXBuildFile; fileRef = 6876CFD61919B797003F3231 /* KJSocialLinkCell.xib */; };
		6877E18B1CA8B7E7005319F2 /* CloudKit.framework in Frameworks */ = {isa = PBXBuildFile; fileRef = 6877E18A1CA8B7E7005319F2 /* CloudKit.framework */; };
		6877E18D1CA8BF03005319F2 /* FetchDataOperation.swift in Sources */ = {isa = PBXBuildFile; fileRef = 6877E18C1CA8BF03005319F2 /* FetchDataOperation.swift */; settings = {ASSET_TAGS = (); }; };
		688715551CAA2C340016BDED /* BaseCollectionViewCell.swift in Sources */ = {isa = PBXBuildFile; fileRef = 688715541CAA2C340016BDED /* BaseCollectionViewCell.swift */; settings = {ASSET_TAGS = (); }; };
		688715581CAA2C670016BDED /* KJBaseCollectionViewCell.m in Sources */ = {isa = PBXBuildFile; fileRef = 688715571CAA2C670016BDED /* KJBaseCollectionViewCell.m */; settings = {ASSET_TAGS = (); }; };
		6891D13D191C7F1B001AD6A5 /* KJConstants.m in Sources */ = {isa = PBXBuildFile; fileRef = 6891D13C191C7F1B001AD6A5 /* KJConstants.m */; };
		68953A5A1BAE471E005CB192 /* DoodleCell.swift in Sources */ = {isa = PBXBuildFile; fileRef = 68953A591BAE471E005CB192 /* DoodleCell.swift */; settings = {ASSET_TAGS = (); }; };
		689C5B861AEC726900C70077 /* KJSocialLinkCell.m in Sources */ = {isa = PBXBuildFile; fileRef = 689C5B851AEC726900C70077 /* KJSocialLinkCell.m */; };
		68A2D60E1A5EBB61000DA2CF /* UIFont+KJFonts.m in Sources */ = {isa = PBXBuildFile; fileRef = 68A2D60D1A5EBB61000DA2CF /* UIFont+KJFonts.m */; };
		68A2D6121A5EC43C000DA2CF /* UIColor+KJColours.m in Sources */ = {isa = PBXBuildFile; fileRef = 68A2D6111A5EC43C000DA2CF /* UIColor+KJColours.m */; };
		68ADED0A1BACD1C400977DCF /* KJTabBarController.swift in Sources */ = {isa = PBXBuildFile; fileRef = 68ADED091BACD1C400977DCF /* KJTabBarController.swift */; settings = {ASSET_TAGS = (); }; };
		68ADED0C1BACD9B100977DCF /* DoodlesViewController.swift in Sources */ = {isa = PBXBuildFile; fileRef = 68ADED0B1BACD9B100977DCF /* DoodlesViewController.swift */; settings = {ASSET_TAGS = (); }; };
		68ADED0E1BACEB5400977DCF /* FlowLayouts.swift in Sources */ = {isa = PBXBuildFile; fileRef = 68ADED0D1BACEB5400977DCF /* FlowLayouts.swift */; settings = {ASSET_TAGS = (); }; };
		68ADED131BACFA8C00977DCF /* ComicCell.swift in Sources */ = {isa = PBXBuildFile; fileRef = 68ADED121BACFA8C00977DCF /* ComicCell.swift */; settings = {ASSET_TAGS = (); }; };
		68B1BFAA1CA9107600F498F0 /* ParseVideoDataOperation.swift in Sources */ = {isa = PBXBuildFile; fileRef = 68B1BFA91CA9107600F498F0 /* ParseVideoDataOperation.swift */; settings = {ASSET_TAGS = (); }; };
		68B9B83A1BA773F800B24B53 /* KJVideoFavouriteActivity.swift in Sources */ = {isa = PBXBuildFile; fileRef = 68B9B8391BA773F800B24B53 /* KJVideoFavouriteActivity.swift */; settings = {ASSET_TAGS = (); }; };
		68CB19281BB1F3C50020DC56 /* SingleImageViewController.swift in Sources */ = {isa = PBXBuildFile; fileRef = 68CB19271BB1F3C50020DC56 /* SingleImageViewController.swift */; settings = {ASSET_TAGS = (); }; };
		68DB8F011A5FE296005D33E2 /* NSUserDefaults+KJSettings.m in Sources */ = {isa = PBXBuildFile; fileRef = 68DB8F001A5FE296005D33E2 /* NSUserDefaults+KJSettings.m */; };
		68DB8F041A6006D0005D33E2 /* UIImage+KJImageUtils.m in Sources */ = {isa = PBXBuildFile; fileRef = 68DB8F031A6006D0005D33E2 /* UIImage+KJImageUtils.m */; };
		68DE98581C347E9700F6AAC0 /* Operation.swift in Sources */ = {isa = PBXBuildFile; fileRef = 68DE98571C347E9700F6AAC0 /* Operation.swift */; settings = {ASSET_TAGS = (); }; };
		68DE985B1C347F2F00F6AAC0 /* FlushCoreData.swift in Sources */ = {isa = PBXBuildFile; fileRef = 68DE985A1C347F2F00F6AAC0 /* FlushCoreData.swift */; settings = {ASSET_TAGS = (); }; };
		68E1D0381A6083650054C7E1 /* KJComic+Methods.m in Sources */ = {isa = PBXBuildFile; fileRef = 68E1D0371A6083650054C7E1 /* KJComic+Methods.m */; };
		68E1D03B1A60BA6B0054C7E1 /* KJVideo+Methods.m in Sources */ = {isa = PBXBuildFile; fileRef = 68E1D03A1A60BA6B0054C7E1 /* KJVideo+Methods.m */; };
		68E461CB185B26F4008D3E36 /* KJMoreInitialView.m in Sources */ = {isa = PBXBuildFile; fileRef = 68E461CA185B26F4008D3E36 /* KJMoreInitialView.m */; };
		68E461CE185B272A008D3E36 /* KJFavouritesListView.m in Sources */ = {isa = PBXBuildFile; fileRef = 68E461CD185B272A008D3E36 /* KJFavouritesListView.m */; };
		68E461DB18604EBB008D3E36 /* Kidney John.xcdatamodeld in Sources */ = {isa = PBXBuildFile; fileRef = 68E461D918604EBB008D3E36 /* Kidney John.xcdatamodeld */; };
		68E461ED18609897008D3E36 /* KJVideo.m in Sources */ = {isa = PBXBuildFile; fileRef = 68E461EC18609897008D3E36 /* KJVideo.m */; };
		68E461F31860BD94008D3E36 /* KJRandomImage.m in Sources */ = {isa = PBXBuildFile; fileRef = 68E461F21860BD94008D3E36 /* KJRandomImage.m */; };
		68E461FE1865CA87008D3E36 /* JohnRoderickPaine.ttf in Resources */ = {isa = PBXBuildFile; fileRef = 68E461FD1865CA87008D3E36 /* JohnRoderickPaine.ttf */; };
		68E48D1C184A247D00600FA5 /* Foundation.framework in Frameworks */ = {isa = PBXBuildFile; fileRef = 68E48D1B184A247D00600FA5 /* Foundation.framework */; };
		68E48D1E184A247D00600FA5 /* CoreGraphics.framework in Frameworks */ = {isa = PBXBuildFile; fileRef = 68E48D1D184A247D00600FA5 /* CoreGraphics.framework */; };
		68E48D20184A247D00600FA5 /* UIKit.framework in Frameworks */ = {isa = PBXBuildFile; fileRef = 68E48D1F184A247D00600FA5 /* UIKit.framework */; };
		68E48D26184A247D00600FA5 /* InfoPlist.strings in Resources */ = {isa = PBXBuildFile; fileRef = 68E48D24184A247D00600FA5 /* InfoPlist.strings */; };
		68E48D2F184A247D00600FA5 /* Main_iPhone.storyboard in Resources */ = {isa = PBXBuildFile; fileRef = 68E48D2D184A247D00600FA5 /* Main_iPhone.storyboard */; };
		68E48D37184A247D00600FA5 /* Images.xcassets in Resources */ = {isa = PBXBuildFile; fileRef = 68E48D36184A247D00600FA5 /* Images.xcassets */; };
		68E48D3E184A247D00600FA5 /* XCTest.framework in Frameworks */ = {isa = PBXBuildFile; fileRef = 68E48D3D184A247D00600FA5 /* XCTest.framework */; };
		68E48D3F184A247D00600FA5 /* Foundation.framework in Frameworks */ = {isa = PBXBuildFile; fileRef = 68E48D1B184A247D00600FA5 /* Foundation.framework */; };
		68E48D40184A247D00600FA5 /* UIKit.framework in Frameworks */ = {isa = PBXBuildFile; fileRef = 68E48D1F184A247D00600FA5 /* UIKit.framework */; };
		68E48D48184A247D00600FA5 /* InfoPlist.strings in Resources */ = {isa = PBXBuildFile; fileRef = 68E48D46184A247D00600FA5 /* InfoPlist.strings */; };
		68E48D5B184BEA7400600FA5 /* JPLYouTubeListView.m in Sources */ = {isa = PBXBuildFile; fileRef = 68E48D5A184BEA7400600FA5 /* JPLYouTubeListView.m */; };
		68E48D68184C20A500600FA5 /* KJComicListView.m in Sources */ = {isa = PBXBuildFile; fileRef = 68E48D67184C20A500600FA5 /* KJComicListView.m */; };
		68E4D46A1A16D73D00D3D51B /* KJSocialLink.m in Sources */ = {isa = PBXBuildFile; fileRef = 68E4D4691A16D73D00D3D51B /* KJSocialLink.m */; };
		68E891331BB204B30005A5DA /* ImageStoryboard.storyboard in Resources */ = {isa = PBXBuildFile; fileRef = 68E891321BB204B30005A5DA /* ImageStoryboard.storyboard */; settings = {ASSET_TAGS = (); }; };
		68F31AFB19183A9200E816DC /* KJComicFavouriteActivity.m in Sources */ = {isa = PBXBuildFile; fileRef = 68F31AFA19183A9200E816DC /* KJComicFavouriteActivity.m */; };
		68FBB1CE1CAA3AD40014F350 /* PBWebViewController.m in Sources */ = {isa = PBXBuildFile; fileRef = 68FBB1CD1CAA3AD40014F350 /* PBWebViewController.m */; settings = {ASSET_TAGS = (); }; };
		68FBB1D21CAA3ADA0014F350 /* PBYouTubeVideoView.html in Resources */ = {isa = PBXBuildFile; fileRef = 68FBB1CF1CAA3ADA0014F350 /* PBYouTubeVideoView.html */; settings = {ASSET_TAGS = (); }; };
		68FBB1D31CAA3ADA0014F350 /* PBYouTubeVideoViewController.m in Sources */ = {isa = PBXBuildFile; fileRef = 68FBB1D11CAA3ADA0014F350 /* PBYouTubeVideoViewController.m */; settings = {ASSET_TAGS = (); }; };
		68FBB1D61CAA3AE10014F350 /* Reachability.m in Sources */ = {isa = PBXBuildFile; fileRef = 68FBB1D51CAA3AE10014F350 /* Reachability.m */; settings = {ASSET_TAGS = (); }; };
		68FBB1D81CAA3C970014F350 /* CocoaLumberjackSwift.framework in Frameworks */ = {isa = PBXBuildFile; fileRef = 68FBB1D71CAA3C970014F350 /* CocoaLumberjackSwift.framework */; };
		68FBB1DA1CAA3C9F0014F350 /* WebImage.framework in Frameworks */ = {isa = PBXBuildFile; fileRef = 68FBB1D91CAA3C9F0014F350 /* WebImage.framework */; };
		C956F61F1AF204D600D5B9B0 /* UIViewController+KJUtils.m in Sources */ = {isa = PBXBuildFile; fileRef = C956F61E1AF204D600D5B9B0 /* UIViewController+KJUtils.m */; };
		C961F2631AA5598D0015E67F /* Launch Screen.xib in Resources */ = {isa = PBXBuildFile; fileRef = C961F2621AA5598D0015E67F /* Launch Screen.xib */; };
		C968D7D91A8C482800C3B621 /* KJComicListCell.m in Sources */ = {isa = PBXBuildFile; fileRef = C968D7D71A8C482800C3B621 /* KJComicListCell.m */; };
		C968D7DA1A8C482800C3B621 /* KJComicListCell.xib in Resources */ = {isa = PBXBuildFile; fileRef = C968D7D81A8C482800C3B621 /* KJComicListCell.xib */; };
		C9E467271AF1BDE8001F369C /* KJBaseTableViewCell.m in Sources */ = {isa = PBXBuildFile; fileRef = C9E467261AF1BDE8001F369C /* KJBaseTableViewCell.m */; };
/* End PBXBuildFile section */

/* Begin PBXContainerItemProxy section */
		68E48D41184A247D00600FA5 /* PBXContainerItemProxy */ = {
			isa = PBXContainerItemProxy;
			containerPortal = 68E48D10184A247D00600FA5 /* Project object */;
			proxyType = 1;
			remoteGlobalIDString = 68E48D17184A247D00600FA5;
			remoteInfo = "Kidney John";
		};
/* End PBXContainerItemProxy section */

/* Begin PBXFileReference section */
		680006DF1910C4150002D604 /* ComicThumbs */ = {isa = PBXFileReference; lastKnownFileType = folder; path = ComicThumbs; sourceTree = "<group>"; };
		68006C751BAB58E2007F8A00 /* AppDelegate.swift */ = {isa = PBXFileReference; fileEncoding = 4; lastKnownFileType = sourcecode.swift; path = AppDelegate.swift; sourceTree = "<group>"; };
		68024D321A628DA600D2A900 /* KJSocialLink+Methods.h */ = {isa = PBXFileReference; fileEncoding = 4; lastKnownFileType = sourcecode.c.h; name = "KJSocialLink+Methods.h"; path = "Models/KJSocialLink+Methods.h"; sourceTree = "<group>"; };
		68024D331A628DA600D2A900 /* KJSocialLink+Methods.m */ = {isa = PBXFileReference; fileEncoding = 4; lastKnownFileType = sourcecode.c.objc; name = "KJSocialLink+Methods.m"; path = "Models/KJSocialLink+Methods.m"; sourceTree = "<group>"; };
		6809619A1CA9D33C00980379 /* ParseDataOperation.swift */ = {isa = PBXFileReference; fileEncoding = 4; lastKnownFileType = sourcecode.swift; name = ParseDataOperation.swift; path = Operations/ParseDataOperation.swift; sourceTree = "<group>"; };
		680B6FEF1A623D2D006807E4 /* UIFontDescriptor+JohnRoderickPaine.h */ = {isa = PBXFileReference; fileEncoding = 4; lastKnownFileType = sourcecode.c.h; name = "UIFontDescriptor+JohnRoderickPaine.h"; path = "Categories/UIFontDescriptor+JohnRoderickPaine.h"; sourceTree = "<group>"; };
		680B6FF01A623D2D006807E4 /* UIFontDescriptor+JohnRoderickPaine.m */ = {isa = PBXFileReference; fileEncoding = 4; lastKnownFileType = sourcecode.c.objc; name = "UIFontDescriptor+JohnRoderickPaine.m"; path = "Categories/UIFontDescriptor+JohnRoderickPaine.m"; sourceTree = "<group>"; };
		680CF06F190F8DBD00A0E296 /* KJComicDetailCell.h */ = {isa = PBXFileReference; fileEncoding = 4; lastKnownFileType = sourcecode.c.h; name = KJComicDetailCell.h; path = Cells/KJComicDetailCell.h; sourceTree = "<group>"; };
		680CF070190F8DBD00A0E296 /* KJComicDetailCell.m */ = {isa = PBXFileReference; fileEncoding = 4; lastKnownFileType = sourcecode.c.objc; name = KJComicDetailCell.m; path = Cells/KJComicDetailCell.m; sourceTree = "<group>"; };
		680CF0C31A7F730F009250E3 /* KJVideoCell.h */ = {isa = PBXFileReference; fileEncoding = 4; lastKnownFileType = sourcecode.c.h; name = KJVideoCell.h; path = Cells/KJVideoCell.h; sourceTree = "<group>"; };
		680CF0C41A7F730F009250E3 /* KJVideoCell.m */ = {isa = PBXFileReference; fileEncoding = 4; lastKnownFileType = sourcecode.c.objc; name = KJVideoCell.m; path = Cells/KJVideoCell.m; sourceTree = "<group>"; };
		680CF0C51A7F730F009250E3 /* KJVideoCell.xib */ = {isa = PBXFileReference; fileEncoding = 4; lastKnownFileType = file.xib; name = KJVideoCell.xib; path = Cells/KJVideoCell.xib; sourceTree = "<group>"; };
		681347041AF26781009DCF88 /* KJVideoCellTests.m */ = {isa = PBXFileReference; fileEncoding = 4; lastKnownFileType = sourcecode.c.objc; path = KJVideoCellTests.m; sourceTree = "<group>"; };
		68211A1B1927A70900B24BF1 /* es */ = {isa = PBXFileReference; lastKnownFileType = text.plist.strings; name = es; path = es.lproj/Main_iPhone.strings; sourceTree = "<group>"; };
		68211A1D1927A70900B24BF1 /* es */ = {isa = PBXFileReference; lastKnownFileType = text.plist.strings; name = es; path = es.lproj/InfoPlist.strings; sourceTree = "<group>"; };
		68211A1E1927A70900B24BF1 /* es */ = {isa = PBXFileReference; lastKnownFileType = text.plist.strings; name = es; path = es.lproj/InfoPlist.strings; sourceTree = "<group>"; };
		68211A221927A95000B24BF1 /* en */ = {isa = PBXFileReference; lastKnownFileType = text.plist.strings; name = en; path = en.lproj/Localizable.strings; sourceTree = "<group>"; };
		68211A241927A98400B24BF1 /* es */ = {isa = PBXFileReference; lastKnownFileType = text.plist.strings; name = es; path = es.lproj/Localizable.strings; sourceTree = "<group>"; };
		683431621A69AD550050745D /* Kidney John 1.2.xcdatamodel */ = {isa = PBXFileReference; lastKnownFileType = wrapper.xcdatamodel; path = "Kidney John 1.2.xcdatamodel"; sourceTree = "<group>"; };
		683DC0321A6B5DF40051A7DB /* KJVideoViewController.h */ = {isa = PBXFileReference; fileEncoding = 4; lastKnownFileType = sourcecode.c.h; name = KJVideoViewController.h; path = "View Controllers/KJVideoViewController.h"; sourceTree = "<group>"; };
		683DC0331A6B5DF40051A7DB /* KJVideoViewController.m */ = {isa = PBXFileReference; fileEncoding = 4; lastKnownFileType = sourcecode.c.objc; name = KJVideoViewController.m; path = "View Controllers/KJVideoViewController.m"; sourceTree = "<group>"; };
		685C164518E21A4900088D26 /* MessageUI.framework */ = {isa = PBXFileReference; lastKnownFileType = wrapper.framework; name = MessageUI.framework; path = System/Library/Frameworks/MessageUI.framework; sourceTree = SDKROOT; };
		685C171018E2745A00088D26 /* Comics */ = {isa = PBXFileReference; lastKnownFileType = folder; path = Comics; sourceTree = "<group>"; };
		685C171518E29B5300088D26 /* KJComic.h */ = {isa = PBXFileReference; fileEncoding = 4; lastKnownFileType = sourcecode.c.h; name = KJComic.h; path = Models/KJComic.h; sourceTree = "<group>"; };
		685C171618E29B5300088D26 /* KJComic.m */ = {isa = PBXFileReference; fileEncoding = 4; lastKnownFileType = sourcecode.c.objc; name = KJComic.m; path = Models/KJComic.m; sourceTree = "<group>"; };
		68659F3D1A5E99240048A887 /* Settings.bundle */ = {isa = PBXFileReference; lastKnownFileType = "wrapper.plug-in"; path = Settings.bundle; sourceTree = "<group>"; };
		686803A91CA9ED7C0058FA0A /* ParseDoodleDataOperation.swift */ = {isa = PBXFileReference; fileEncoding = 4; lastKnownFileType = sourcecode.swift; name = ParseDoodleDataOperation.swift; path = Operations/ParseDoodleDataOperation.swift; sourceTree = "<group>"; };
		686803AB1CAA0D960058FA0A /* DoodlesViewDataSource.swift */ = {isa = PBXFileReference; fileEncoding = 4; lastKnownFileType = sourcecode.swift; name = DoodlesViewDataSource.swift; path = "Data Sources/DoodlesViewDataSource.swift"; sourceTree = "<group>"; };
		686803AD1CAA17F80058FA0A /* ParseComicDataOperation.swift */ = {isa = PBXFileReference; fileEncoding = 4; lastKnownFileType = sourcecode.swift; name = ParseComicDataOperation.swift; path = Operations/ParseComicDataOperation.swift; sourceTree = "<group>"; };
		6875F6CA1BA535BB00209015 /* Kidney John 1.1.2.xcdatamodel */ = {isa = PBXFileReference; lastKnownFileType = wrapper.xcdatamodel; path = "Kidney John 1.1.2.xcdatamodel"; sourceTree = "<group>"; };
		6876CFCB19184EC3003F3231 /* KJRandomFavouriteActivity.h */ = {isa = PBXFileReference; fileEncoding = 4; lastKnownFileType = sourcecode.c.h; name = KJRandomFavouriteActivity.h; path = UIActivity/KJRandomFavouriteActivity.h; sourceTree = "<group>"; };
		6876CFCC19184EC3003F3231 /* KJRandomFavouriteActivity.m */ = {isa = PBXFileReference; fileEncoding = 4; lastKnownFileType = sourcecode.c.objc; name = KJRandomFavouriteActivity.m; path = UIActivity/KJRandomFavouriteActivity.m; sourceTree = "<group>"; };
		6876CFCE191882B4003F3231 /* KJFavDoodlesListView.h */ = {isa = PBXFileReference; fileEncoding = 4; lastKnownFileType = sourcecode.c.h; name = KJFavDoodlesListView.h; path = "View Controllers/KJFavDoodlesListView.h"; sourceTree = "<group>"; };
		6876CFCF191882B4003F3231 /* KJFavDoodlesListView.m */ = {isa = PBXFileReference; fileEncoding = 4; lastKnownFileType = sourcecode.c.objc; name = KJFavDoodlesListView.m; path = "View Controllers/KJFavDoodlesListView.m"; sourceTree = "<group>"; };
		6876CFD31919A383003F3231 /* JPLReachabilityManager.h */ = {isa = PBXFileReference; fileEncoding = 4; lastKnownFileType = sourcecode.c.h; name = JPLReachabilityManager.h; path = Stores/JPLReachabilityManager.h; sourceTree = "<group>"; };
		6876CFD41919A383003F3231 /* JPLReachabilityManager.m */ = {isa = PBXFileReference; fileEncoding = 4; lastKnownFileType = sourcecode.c.objc; name = JPLReachabilityManager.m; path = Stores/JPLReachabilityManager.m; sourceTree = "<group>"; };
		6876CFD61919B797003F3231 /* KJSocialLinkCell.xib */ = {isa = PBXFileReference; fileEncoding = 4; lastKnownFileType = file.xib; name = KJSocialLinkCell.xib; path = Cells/KJSocialLinkCell.xib; sourceTree = "<group>"; };
		6877E1891CA8B7E3005319F2 /* Kidney John.entitlements */ = {isa = PBXFileReference; lastKnownFileType = text.xml; path = "Kidney John.entitlements"; sourceTree = "<group>"; };
		6877E18A1CA8B7E7005319F2 /* CloudKit.framework */ = {isa = PBXFileReference; lastKnownFileType = wrapper.framework; name = CloudKit.framework; path = System/Library/Frameworks/CloudKit.framework; sourceTree = SDKROOT; };
		6877E18C1CA8BF03005319F2 /* FetchDataOperation.swift */ = {isa = PBXFileReference; fileEncoding = 4; lastKnownFileType = sourcecode.swift; name = FetchDataOperation.swift; path = Operations/FetchDataOperation.swift; sourceTree = "<group>"; };
		687CE8141B8B204E00B1DD66 /* Kidney John-Bridging-Header.h */ = {isa = PBXFileReference; lastKnownFileType = sourcecode.c.h; path = "Kidney John-Bridging-Header.h"; sourceTree = "<group>"; };
		688715541CAA2C340016BDED /* BaseCollectionViewCell.swift */ = {isa = PBXFileReference; fileEncoding = 4; lastKnownFileType = sourcecode.swift; name = BaseCollectionViewCell.swift; path = Cells/BaseCollectionViewCell.swift; sourceTree = "<group>"; };
		688715561CAA2C670016BDED /* KJBaseCollectionViewCell.h */ = {isa = PBXFileReference; fileEncoding = 4; lastKnownFileType = sourcecode.c.h; name = KJBaseCollectionViewCell.h; path = Cells/KJBaseCollectionViewCell.h; sourceTree = "<group>"; };
		688715571CAA2C670016BDED /* KJBaseCollectionViewCell.m */ = {isa = PBXFileReference; fileEncoding = 4; lastKnownFileType = sourcecode.c.objc; name = KJBaseCollectionViewCell.m; path = Cells/KJBaseCollectionViewCell.m; sourceTree = "<group>"; };
		6891D13B191C7F1B001AD6A5 /* KJConstants.h */ = {isa = PBXFileReference; fileEncoding = 4; lastKnownFileType = sourcecode.c.h; path = KJConstants.h; sourceTree = "<group>"; };
		6891D13C191C7F1B001AD6A5 /* KJConstants.m */ = {isa = PBXFileReference; fileEncoding = 4; lastKnownFileType = sourcecode.c.objc; path = KJConstants.m; sourceTree = "<group>"; };
		68953A591BAE471E005CB192 /* DoodleCell.swift */ = {isa = PBXFileReference; fileEncoding = 4; lastKnownFileType = sourcecode.swift; name = DoodleCell.swift; path = Cells/DoodleCell.swift; sourceTree = "<group>"; };
		689C5B841AEC726900C70077 /* KJSocialLinkCell.h */ = {isa = PBXFileReference; fileEncoding = 4; lastKnownFileType = sourcecode.c.h; name = KJSocialLinkCell.h; path = Cells/KJSocialLinkCell.h; sourceTree = "<group>"; };
		689C5B851AEC726900C70077 /* KJSocialLinkCell.m */ = {isa = PBXFileReference; fileEncoding = 4; lastKnownFileType = sourcecode.c.objc; name = KJSocialLinkCell.m; path = Cells/KJSocialLinkCell.m; sourceTree = "<group>"; };
		68A2D60C1A5EBB61000DA2CF /* UIFont+KJFonts.h */ = {isa = PBXFileReference; fileEncoding = 4; lastKnownFileType = sourcecode.c.h; name = "UIFont+KJFonts.h"; path = "Categories/UIFont+KJFonts.h"; sourceTree = "<group>"; };
		68A2D60D1A5EBB61000DA2CF /* UIFont+KJFonts.m */ = {isa = PBXFileReference; fileEncoding = 4; lastKnownFileType = sourcecode.c.objc; name = "UIFont+KJFonts.m"; path = "Categories/UIFont+KJFonts.m"; sourceTree = "<group>"; };
		68A2D6101A5EC43C000DA2CF /* UIColor+KJColours.h */ = {isa = PBXFileReference; fileEncoding = 4; lastKnownFileType = sourcecode.c.h; name = "UIColor+KJColours.h"; path = "Categories/UIColor+KJColours.h"; sourceTree = "<group>"; };
		68A2D6111A5EC43C000DA2CF /* UIColor+KJColours.m */ = {isa = PBXFileReference; fileEncoding = 4; lastKnownFileType = sourcecode.c.objc; name = "UIColor+KJColours.m"; path = "Categories/UIColor+KJColours.m"; sourceTree = "<group>"; };
		68ADED091BACD1C400977DCF /* KJTabBarController.swift */ = {isa = PBXFileReference; fileEncoding = 4; lastKnownFileType = sourcecode.swift; name = KJTabBarController.swift; path = "View Controllers/KJTabBarController.swift"; sourceTree = "<group>"; };
		68ADED0B1BACD9B100977DCF /* DoodlesViewController.swift */ = {isa = PBXFileReference; fileEncoding = 4; lastKnownFileType = sourcecode.swift; name = DoodlesViewController.swift; path = "View Controllers/DoodlesViewController.swift"; sourceTree = "<group>"; };
		68ADED0D1BACEB5400977DCF /* FlowLayouts.swift */ = {isa = PBXFileReference; fileEncoding = 4; lastKnownFileType = sourcecode.swift; name = FlowLayouts.swift; path = "Flow Layouts/FlowLayouts.swift"; sourceTree = "<group>"; };
		68ADED121BACFA8C00977DCF /* ComicCell.swift */ = {isa = PBXFileReference; fileEncoding = 4; lastKnownFileType = sourcecode.swift; name = ComicCell.swift; path = Cells/ComicCell.swift; sourceTree = "<group>"; };
		68B1BFA91CA9107600F498F0 /* ParseVideoDataOperation.swift */ = {isa = PBXFileReference; fileEncoding = 4; lastKnownFileType = sourcecode.swift; name = ParseVideoDataOperation.swift; path = Operations/ParseVideoDataOperation.swift; sourceTree = "<group>"; };
		68B9B8391BA773F800B24B53 /* KJVideoFavouriteActivity.swift */ = {isa = PBXFileReference; fileEncoding = 4; lastKnownFileType = sourcecode.swift; name = KJVideoFavouriteActivity.swift; path = UIActivity/KJVideoFavouriteActivity.swift; sourceTree = "<group>"; };
		68CB19271BB1F3C50020DC56 /* SingleImageViewController.swift */ = {isa = PBXFileReference; fileEncoding = 4; lastKnownFileType = sourcecode.swift; name = SingleImageViewController.swift; path = "View Controllers/SingleImageViewController.swift"; sourceTree = "<group>"; };
		68DB8EFF1A5FE296005D33E2 /* NSUserDefaults+KJSettings.h */ = {isa = PBXFileReference; fileEncoding = 4; lastKnownFileType = sourcecode.c.h; name = "NSUserDefaults+KJSettings.h"; path = "Categories/NSUserDefaults+KJSettings.h"; sourceTree = "<group>"; };
		68DB8F001A5FE296005D33E2 /* NSUserDefaults+KJSettings.m */ = {isa = PBXFileReference; fileEncoding = 4; lastKnownFileType = sourcecode.c.objc; name = "NSUserDefaults+KJSettings.m"; path = "Categories/NSUserDefaults+KJSettings.m"; sourceTree = "<group>"; };
		68DB8F021A6006D0005D33E2 /* UIImage+KJImageUtils.h */ = {isa = PBXFileReference; fileEncoding = 4; lastKnownFileType = sourcecode.c.h; name = "UIImage+KJImageUtils.h"; path = "Categories/UIImage+KJImageUtils.h"; sourceTree = "<group>"; };
		68DB8F031A6006D0005D33E2 /* UIImage+KJImageUtils.m */ = {isa = PBXFileReference; fileEncoding = 4; lastKnownFileType = sourcecode.c.objc; name = "UIImage+KJImageUtils.m"; path = "Categories/UIImage+KJImageUtils.m"; sourceTree = "<group>"; };
		68DE98571C347E9700F6AAC0 /* Operation.swift */ = {isa = PBXFileReference; fileEncoding = 4; lastKnownFileType = sourcecode.swift; name = Operation.swift; path = Operations/Operation.swift; sourceTree = "<group>"; };
		68DE985A1C347F2F00F6AAC0 /* FlushCoreData.swift */ = {isa = PBXFileReference; fileEncoding = 4; lastKnownFileType = sourcecode.swift; name = FlushCoreData.swift; path = Operations/FlushCoreData.swift; sourceTree = "<group>"; };
		68E1D0361A6083650054C7E1 /* KJComic+Methods.h */ = {isa = PBXFileReference; fileEncoding = 4; lastKnownFileType = sourcecode.c.h; name = "KJComic+Methods.h"; path = "Models/KJComic+Methods.h"; sourceTree = "<group>"; };
		68E1D0371A6083650054C7E1 /* KJComic+Methods.m */ = {isa = PBXFileReference; fileEncoding = 4; lastKnownFileType = sourcecode.c.objc; name = "KJComic+Methods.m"; path = "Models/KJComic+Methods.m"; sourceTree = "<group>"; };
		68E1D0391A60BA6B0054C7E1 /* KJVideo+Methods.h */ = {isa = PBXFileReference; fileEncoding = 4; lastKnownFileType = sourcecode.c.h; name = "KJVideo+Methods.h"; path = "Models/KJVideo+Methods.h"; sourceTree = "<group>"; };
		68E1D03A1A60BA6B0054C7E1 /* KJVideo+Methods.m */ = {isa = PBXFileReference; fileEncoding = 4; lastKnownFileType = sourcecode.c.objc; name = "KJVideo+Methods.m"; path = "Models/KJVideo+Methods.m"; sourceTree = "<group>"; };
		68E461C9185B26F4008D3E36 /* KJMoreInitialView.h */ = {isa = PBXFileReference; fileEncoding = 4; lastKnownFileType = sourcecode.c.h; name = KJMoreInitialView.h; path = "View Controllers/KJMoreInitialView.h"; sourceTree = "<group>"; };
		68E461CA185B26F4008D3E36 /* KJMoreInitialView.m */ = {isa = PBXFileReference; fileEncoding = 4; lastKnownFileType = sourcecode.c.objc; name = KJMoreInitialView.m; path = "View Controllers/KJMoreInitialView.m"; sourceTree = "<group>"; };
		68E461CC185B272A008D3E36 /* KJFavouritesListView.h */ = {isa = PBXFileReference; fileEncoding = 4; lastKnownFileType = sourcecode.c.h; name = KJFavouritesListView.h; path = "View Controllers/KJFavouritesListView.h"; sourceTree = "<group>"; };
		68E461CD185B272A008D3E36 /* KJFavouritesListView.m */ = {isa = PBXFileReference; fileEncoding = 4; lastKnownFileType = sourcecode.c.objc; name = KJFavouritesListView.m; path = "View Controllers/KJFavouritesListView.m"; sourceTree = "<group>"; };
		68E461CF185B4BD5008D3E36 /* Social.framework */ = {isa = PBXFileReference; lastKnownFileType = wrapper.framework; name = Social.framework; path = System/Library/Frameworks/Social.framework; sourceTree = SDKROOT; };
		68E461DA18604EBB008D3E36 /* Kidney John.xcdatamodel */ = {isa = PBXFileReference; lastKnownFileType = wrapper.xcdatamodel; path = "Kidney John.xcdatamodel"; sourceTree = "<group>"; };
		68E461EB18609897008D3E36 /* KJVideo.h */ = {isa = PBXFileReference; fileEncoding = 4; lastKnownFileType = sourcecode.c.h; name = KJVideo.h; path = Models/KJVideo.h; sourceTree = "<group>"; };
		68E461EC18609897008D3E36 /* KJVideo.m */ = {isa = PBXFileReference; fileEncoding = 4; lastKnownFileType = sourcecode.c.objc; name = KJVideo.m; path = Models/KJVideo.m; sourceTree = "<group>"; };
		68E461F11860BD94008D3E36 /* KJRandomImage.h */ = {isa = PBXFileReference; fileEncoding = 4; lastKnownFileType = sourcecode.c.h; name = KJRandomImage.h; path = Models/KJRandomImage.h; sourceTree = "<group>"; };
		68E461F21860BD94008D3E36 /* KJRandomImage.m */ = {isa = PBXFileReference; fileEncoding = 4; lastKnownFileType = sourcecode.c.objc; name = KJRandomImage.m; path = Models/KJRandomImage.m; sourceTree = "<group>"; };
		68E461FD1865CA87008D3E36 /* JohnRoderickPaine.ttf */ = {isa = PBXFileReference; lastKnownFileType = file; path = JohnRoderickPaine.ttf; sourceTree = "<group>"; };
		68E48D18184A247D00600FA5 /* Kidney John.app */ = {isa = PBXFileReference; explicitFileType = wrapper.application; includeInIndex = 0; path = "Kidney John.app"; sourceTree = BUILT_PRODUCTS_DIR; };
		68E48D1B184A247D00600FA5 /* Foundation.framework */ = {isa = PBXFileReference; lastKnownFileType = wrapper.framework; name = Foundation.framework; path = System/Library/Frameworks/Foundation.framework; sourceTree = SDKROOT; };
		68E48D1D184A247D00600FA5 /* CoreGraphics.framework */ = {isa = PBXFileReference; lastKnownFileType = wrapper.framework; name = CoreGraphics.framework; path = System/Library/Frameworks/CoreGraphics.framework; sourceTree = SDKROOT; };
		68E48D1F184A247D00600FA5 /* UIKit.framework */ = {isa = PBXFileReference; lastKnownFileType = wrapper.framework; name = UIKit.framework; path = System/Library/Frameworks/UIKit.framework; sourceTree = SDKROOT; };
		68E48D23184A247D00600FA5 /* Kidney John-Info.plist */ = {isa = PBXFileReference; lastKnownFileType = text.plist.xml; path = "Kidney John-Info.plist"; sourceTree = "<group>"; };
		68E48D25184A247D00600FA5 /* en */ = {isa = PBXFileReference; lastKnownFileType = text.plist.strings; name = en; path = en.lproj/InfoPlist.strings; sourceTree = "<group>"; };
		68E48D29184A247D00600FA5 /* Kidney John-Prefix.pch */ = {isa = PBXFileReference; lastKnownFileType = sourcecode.c.h; path = "Kidney John-Prefix.pch"; sourceTree = "<group>"; };
		68E48D2E184A247D00600FA5 /* Base */ = {isa = PBXFileReference; lastKnownFileType = file.storyboard; name = Base; path = Base.lproj/Main_iPhone.storyboard; sourceTree = "<group>"; };
		68E48D36184A247D00600FA5 /* Images.xcassets */ = {isa = PBXFileReference; lastKnownFileType = folder.assetcatalog; path = Images.xcassets; sourceTree = "<group>"; };
		68E48D3C184A247D00600FA5 /* Kidney JohnTests.xctest */ = {isa = PBXFileReference; explicitFileType = wrapper.cfbundle; includeInIndex = 0; path = "Kidney JohnTests.xctest"; sourceTree = BUILT_PRODUCTS_DIR; };
		68E48D3D184A247D00600FA5 /* XCTest.framework */ = {isa = PBXFileReference; lastKnownFileType = wrapper.framework; name = XCTest.framework; path = Library/Frameworks/XCTest.framework; sourceTree = DEVELOPER_DIR; };
		68E48D45184A247D00600FA5 /* Kidney JohnTests-Info.plist */ = {isa = PBXFileReference; lastKnownFileType = text.plist.xml; path = "Kidney JohnTests-Info.plist"; sourceTree = "<group>"; };
		68E48D47184A247D00600FA5 /* en */ = {isa = PBXFileReference; lastKnownFileType = text.plist.strings; name = en; path = en.lproj/InfoPlist.strings; sourceTree = "<group>"; };
		68E48D59184BEA7400600FA5 /* JPLYouTubeListView.h */ = {isa = PBXFileReference; fileEncoding = 4; lastKnownFileType = sourcecode.c.h; name = JPLYouTubeListView.h; path = "View Controllers/JPLYouTubeListView.h"; sourceTree = "<group>"; };
		68E48D5A184BEA7400600FA5 /* JPLYouTubeListView.m */ = {isa = PBXFileReference; fileEncoding = 4; lastKnownFileType = sourcecode.c.objc; name = JPLYouTubeListView.m; path = "View Controllers/JPLYouTubeListView.m"; sourceTree = "<group>"; };
		68E48D66184C20A500600FA5 /* KJComicListView.h */ = {isa = PBXFileReference; fileEncoding = 4; lastKnownFileType = sourcecode.c.h; name = KJComicListView.h; path = "View Controllers/KJComicListView.h"; sourceTree = "<group>"; };
		68E48D67184C20A500600FA5 /* KJComicListView.m */ = {isa = PBXFileReference; fileEncoding = 4; lastKnownFileType = sourcecode.c.objc; name = KJComicListView.m; path = "View Controllers/KJComicListView.m"; sourceTree = "<group>"; };
		68E4D4681A16D73D00D3D51B /* KJSocialLink.h */ = {isa = PBXFileReference; fileEncoding = 4; lastKnownFileType = sourcecode.c.h; name = KJSocialLink.h; path = Models/KJSocialLink.h; sourceTree = "<group>"; };
		68E4D4691A16D73D00D3D51B /* KJSocialLink.m */ = {isa = PBXFileReference; fileEncoding = 4; lastKnownFileType = sourcecode.c.objc; name = KJSocialLink.m; path = Models/KJSocialLink.m; sourceTree = "<group>"; };
		68E891321BB204B30005A5DA /* ImageStoryboard.storyboard */ = {isa = PBXFileReference; fileEncoding = 4; lastKnownFileType = file.storyboard; name = ImageStoryboard.storyboard; path = Storyboards/ImageStoryboard.storyboard; sourceTree = "<group>"; };
		68F31AF919183A9200E816DC /* KJComicFavouriteActivity.h */ = {isa = PBXFileReference; fileEncoding = 4; lastKnownFileType = sourcecode.c.h; name = KJComicFavouriteActivity.h; path = UIActivity/KJComicFavouriteActivity.h; sourceTree = "<group>"; };
		68F31AFA19183A9200E816DC /* KJComicFavouriteActivity.m */ = {isa = PBXFileReference; fileEncoding = 4; lastKnownFileType = sourcecode.c.objc; name = KJComicFavouriteActivity.m; path = UIActivity/KJComicFavouriteActivity.m; sourceTree = "<group>"; };
		68FBB1C51CAA39430014F350 /* CocoaLumberjack.framework */ = {isa = PBXFileReference; lastKnownFileType = wrapper.framework; name = CocoaLumberjack.framework; path = Carthage/Build/iOS/CocoaLumberjack.framework; sourceTree = "<group>"; };
		68FBB1CC1CAA3AD40014F350 /* PBWebViewController.h */ = {isa = PBXFileReference; fileEncoding = 4; lastKnownFileType = sourcecode.c.h; name = PBWebViewController.h; path = "3rd-Party Libraries/PBWebViewController.h"; sourceTree = "<group>"; };
		68FBB1CD1CAA3AD40014F350 /* PBWebViewController.m */ = {isa = PBXFileReference; fileEncoding = 4; lastKnownFileType = sourcecode.c.objc; name = PBWebViewController.m; path = "3rd-Party Libraries/PBWebViewController.m"; sourceTree = "<group>"; };
		68FBB1CF1CAA3ADA0014F350 /* PBYouTubeVideoView.html */ = {isa = PBXFileReference; fileEncoding = 4; lastKnownFileType = text.html; name = PBYouTubeVideoView.html; path = "3rd-Party Libraries/PBYouTubeVideoView.html"; sourceTree = "<group>"; };
		68FBB1D01CAA3ADA0014F350 /* PBYouTubeVideoViewController.h */ = {isa = PBXFileReference; fileEncoding = 4; lastKnownFileType = sourcecode.c.h; name = PBYouTubeVideoViewController.h; path = "3rd-Party Libraries/PBYouTubeVideoViewController.h"; sourceTree = "<group>"; };
		68FBB1D11CAA3ADA0014F350 /* PBYouTubeVideoViewController.m */ = {isa = PBXFileReference; fileEncoding = 4; lastKnownFileType = sourcecode.c.objc; name = PBYouTubeVideoViewController.m; path = "3rd-Party Libraries/PBYouTubeVideoViewController.m"; sourceTree = "<group>"; };
		68FBB1D41CAA3AE10014F350 /* Reachability.h */ = {isa = PBXFileReference; fileEncoding = 4; lastKnownFileType = sourcecode.c.h; name = Reachability.h; path = "3rd-Party Libraries/Reachability.h"; sourceTree = "<group>"; };
		68FBB1D51CAA3AE10014F350 /* Reachability.m */ = {isa = PBXFileReference; fileEncoding = 4; lastKnownFileType = sourcecode.c.objc; name = Reachability.m; path = "3rd-Party Libraries/Reachability.m"; sourceTree = "<group>"; };
		68FBB1D71CAA3C970014F350 /* CocoaLumberjackSwift.framework */ = {isa = PBXFileReference; lastKnownFileType = wrapper.framework; name = CocoaLumberjackSwift.framework; path = Carthage/Build/iOS/CocoaLumberjackSwift.framework; sourceTree = "<group>"; };
		68FBB1D91CAA3C9F0014F350 /* WebImage.framework */ = {isa = PBXFileReference; lastKnownFileType = wrapper.framework; name = WebImage.framework; path = Carthage/Build/iOS/WebImage.framework; sourceTree = "<group>"; };
		C956F61D1AF204D600D5B9B0 /* UIViewController+KJUtils.h */ = {isa = PBXFileReference; fileEncoding = 4; lastKnownFileType = sourcecode.c.h; name = "UIViewController+KJUtils.h"; path = "Categories/UIViewController+KJUtils.h"; sourceTree = "<group>"; };
		C956F61E1AF204D600D5B9B0 /* UIViewController+KJUtils.m */ = {isa = PBXFileReference; fileEncoding = 4; lastKnownFileType = sourcecode.c.objc; name = "UIViewController+KJUtils.m"; path = "Categories/UIViewController+KJUtils.m"; sourceTree = "<group>"; };
		C961F2621AA5598D0015E67F /* Launch Screen.xib */ = {isa = PBXFileReference; fileEncoding = 4; lastKnownFileType = file.xib; path = "Launch Screen.xib"; sourceTree = "<group>"; };
		C968D7D61A8C482800C3B621 /* KJComicListCell.h */ = {isa = PBXFileReference; fileEncoding = 4; lastKnownFileType = sourcecode.c.h; name = KJComicListCell.h; path = Cells/KJComicListCell.h; sourceTree = "<group>"; };
		C968D7D71A8C482800C3B621 /* KJComicListCell.m */ = {isa = PBXFileReference; fileEncoding = 4; lastKnownFileType = sourcecode.c.objc; name = KJComicListCell.m; path = Cells/KJComicListCell.m; sourceTree = "<group>"; };
		C968D7D81A8C482800C3B621 /* KJComicListCell.xib */ = {isa = PBXFileReference; fileEncoding = 4; lastKnownFileType = file.xib; name = KJComicListCell.xib; path = Cells/KJComicListCell.xib; sourceTree = "<group>"; };
		C9E467251AF1BDE8001F369C /* KJBaseTableViewCell.h */ = {isa = PBXFileReference; fileEncoding = 4; lastKnownFileType = sourcecode.c.h; name = KJBaseTableViewCell.h; path = Cells/KJBaseTableViewCell.h; sourceTree = "<group>"; };
		C9E467261AF1BDE8001F369C /* KJBaseTableViewCell.m */ = {isa = PBXFileReference; fileEncoding = 4; lastKnownFileType = sourcecode.c.objc; name = KJBaseTableViewCell.m; path = Cells/KJBaseTableViewCell.m; sourceTree = "<group>"; };
/* End PBXFileReference section */

/* Begin PBXFrameworksBuildPhase section */
		68E48D15184A247D00600FA5 /* Frameworks */ = {
			isa = PBXFrameworksBuildPhase;
			buildActionMask = 2147483647;
			files = (
				6877E18B1CA8B7E7005319F2 /* CloudKit.framework in Frameworks */,
				68E48D1E184A247D00600FA5 /* CoreGraphics.framework in Frameworks */,
				68E48D20184A247D00600FA5 /* UIKit.framework in Frameworks */,
				68E48D1C184A247D00600FA5 /* Foundation.framework in Frameworks */,
				68FBB1D81CAA3C970014F350 /* CocoaLumberjackSwift.framework in Frameworks */,
				68FBB1DA1CAA3C9F0014F350 /* WebImage.framework in Frameworks */,
			);
			runOnlyForDeploymentPostprocessing = 0;
		};
		68E48D39184A247D00600FA5 /* Frameworks */ = {
			isa = PBXFrameworksBuildPhase;
			buildActionMask = 2147483647;
			files = (
				68E48D3E184A247D00600FA5 /* XCTest.framework in Frameworks */,
				68E48D40184A247D00600FA5 /* UIKit.framework in Frameworks */,
				68E48D3F184A247D00600FA5 /* Foundation.framework in Frameworks */,
			);
			runOnlyForDeploymentPostprocessing = 0;
		};
/* End PBXFrameworksBuildPhase section */

/* Begin PBXGroup section */
		6832C37319245E7E00E94788 /* UIActivity */ = {
			isa = PBXGroup;
			children = (
				68B9B8391BA773F800B24B53 /* KJVideoFavouriteActivity.swift */,
				68F31AF919183A9200E816DC /* KJComicFavouriteActivity.h */,
				68F31AFA19183A9200E816DC /* KJComicFavouriteActivity.m */,
				6876CFCB19184EC3003F3231 /* KJRandomFavouriteActivity.h */,
				6876CFCC19184EC3003F3231 /* KJRandomFavouriteActivity.m */,
			);
			name = UIActivity;
			sourceTree = "<group>";
		};
		6834315A1A69A37C0050745D /* Videos */ = {
			isa = PBXGroup;
			children = (
				68E48D59184BEA7400600FA5 /* JPLYouTubeListView.h */,
				68E48D5A184BEA7400600FA5 /* JPLYouTubeListView.m */,
				683DC0321A6B5DF40051A7DB /* KJVideoViewController.h */,
				683DC0331A6B5DF40051A7DB /* KJVideoViewController.m */,
			);
			name = Videos;
			sourceTree = "<group>";
		};
		6834315B1A69A3830050745D /* Comix */ = {
			isa = PBXGroup;
			children = (
				68E48D66184C20A500600FA5 /* KJComicListView.h */,
				68E48D67184C20A500600FA5 /* KJComicListView.m */,
			);
			name = Comix;
			sourceTree = "<group>";
		};
		6834315C1A69A38B0050745D /* Doodles */ = {
			isa = PBXGroup;
			children = (
				68ADED0B1BACD9B100977DCF /* DoodlesViewController.swift */,
			);
			name = Doodles;
			sourceTree = "<group>";
		};
		6834315D1A69A3940050745D /* More */ = {
			isa = PBXGroup;
			children = (
				68E461C9185B26F4008D3E36 /* KJMoreInitialView.h */,
				68E461CA185B26F4008D3E36 /* KJMoreInitialView.m */,
				6834315E1A69A3A60050745D /* Favourites */,
			);
			name = More;
			sourceTree = "<group>";
		};
		6834315E1A69A3A60050745D /* Favourites */ = {
			isa = PBXGroup;
			children = (
				68E461CC185B272A008D3E36 /* KJFavouritesListView.h */,
				68E461CD185B272A008D3E36 /* KJFavouritesListView.m */,
				6876CFCE191882B4003F3231 /* KJFavDoodlesListView.h */,
				6876CFCF191882B4003F3231 /* KJFavDoodlesListView.m */,
			);
			name = Favourites;
			sourceTree = "<group>";
		};
		68A2D60F1A5EBB65000DA2CF /* Categories */ = {
			isa = PBXGroup;
			children = (
				68A2D60C1A5EBB61000DA2CF /* UIFont+KJFonts.h */,
				68A2D60D1A5EBB61000DA2CF /* UIFont+KJFonts.m */,
				680B6FEF1A623D2D006807E4 /* UIFontDescriptor+JohnRoderickPaine.h */,
				680B6FF01A623D2D006807E4 /* UIFontDescriptor+JohnRoderickPaine.m */,
				68A2D6101A5EC43C000DA2CF /* UIColor+KJColours.h */,
				68A2D6111A5EC43C000DA2CF /* UIColor+KJColours.m */,
				68DB8EFF1A5FE296005D33E2 /* NSUserDefaults+KJSettings.h */,
				68DB8F001A5FE296005D33E2 /* NSUserDefaults+KJSettings.m */,
				68DB8F021A6006D0005D33E2 /* UIImage+KJImageUtils.h */,
				68DB8F031A6006D0005D33E2 /* UIImage+KJImageUtils.m */,
				C956F61D1AF204D600D5B9B0 /* UIViewController+KJUtils.h */,
				C956F61E1AF204D600D5B9B0 /* UIViewController+KJUtils.m */,
			);
			name = Categories;
			sourceTree = "<group>";
		};
		68A7920A18BD58FE009F9CC7 /* View Controllers */ = {
			isa = PBXGroup;
			children = (
				68ADED091BACD1C400977DCF /* KJTabBarController.swift */,
				68CB19271BB1F3C50020DC56 /* SingleImageViewController.swift */,
				6834315A1A69A37C0050745D /* Videos */,
				6834315B1A69A3830050745D /* Comix */,
				6834315C1A69A38B0050745D /* Doodles */,
				6834315D1A69A3940050745D /* More */,
			);
			name = "View Controllers";
			sourceTree = "<group>";
		};
		68ADED0F1BACEB5700977DCF /* Flow Layouts */ = {
			isa = PBXGroup;
			children = (
				68ADED0D1BACEB5400977DCF /* FlowLayouts.swift */,
			);
			name = "Flow Layouts";
			sourceTree = "<group>";
		};
		68CE160718BEB6B600127AA7 /* Stores */ = {
			isa = PBXGroup;
			children = (
				6876CFD31919A383003F3231 /* JPLReachabilityManager.h */,
				6876CFD41919A383003F3231 /* JPLReachabilityManager.m */,
			);
			name = Stores;
			sourceTree = "<group>";
		};
		68DE98591C347E9B00F6AAC0 /* Operations */ = {
			isa = PBXGroup;
			children = (
				68DE98571C347E9700F6AAC0 /* Operation.swift */,
				68DE985A1C347F2F00F6AAC0 /* FlushCoreData.swift */,
				6877E18C1CA8BF03005319F2 /* FetchDataOperation.swift */,
				6809619A1CA9D33C00980379 /* ParseDataOperation.swift */,
				68B1BFA91CA9107600F498F0 /* ParseVideoDataOperation.swift */,
				686803A91CA9ED7C0058FA0A /* ParseDoodleDataOperation.swift */,
				686803AD1CAA17F80058FA0A /* ParseComicDataOperation.swift */,
			);
			name = Operations;
			sourceTree = "<group>";
		};
		68DF729E18BEBA2F00878497 /* Cells */ = {
			isa = PBXGroup;
			children = (
				C9E467251AF1BDE8001F369C /* KJBaseTableViewCell.h */,
				C9E467261AF1BDE8001F369C /* KJBaseTableViewCell.m */,
				688715561CAA2C670016BDED /* KJBaseCollectionViewCell.h */,
				688715571CAA2C670016BDED /* KJBaseCollectionViewCell.m */,
				688715541CAA2C340016BDED /* BaseCollectionViewCell.swift */,
				680CF0C31A7F730F009250E3 /* KJVideoCell.h */,
				680CF0C41A7F730F009250E3 /* KJVideoCell.m */,
				680CF0C51A7F730F009250E3 /* KJVideoCell.xib */,
				C968D7D61A8C482800C3B621 /* KJComicListCell.h */,
				C968D7D71A8C482800C3B621 /* KJComicListCell.m */,
				C968D7D81A8C482800C3B621 /* KJComicListCell.xib */,
				68ADED121BACFA8C00977DCF /* ComicCell.swift */,
				680CF06F190F8DBD00A0E296 /* KJComicDetailCell.h */,
				680CF070190F8DBD00A0E296 /* KJComicDetailCell.m */,
				68953A591BAE471E005CB192 /* DoodleCell.swift */,
				689C5B841AEC726900C70077 /* KJSocialLinkCell.h */,
				689C5B851AEC726900C70077 /* KJSocialLinkCell.m */,
				6876CFD61919B797003F3231 /* KJSocialLinkCell.xib */,
			);
			name = Cells;
			sourceTree = "<group>";
		};
		68E48D0F184A247D00600FA5 = {
			isa = PBXGroup;
			children = (
				68E48D21184A247D00600FA5 /* Kidney John */,
				68E48D43184A247D00600FA5 /* Kidney JohnTests */,
				68E48D1A184A247D00600FA5 /* Frameworks */,
				68E48D19184A247D00600FA5 /* Products */,
			);
			sourceTree = "<group>";
		};
		68E48D19184A247D00600FA5 /* Products */ = {
			isa = PBXGroup;
			children = (
				68E48D18184A247D00600FA5 /* Kidney John.app */,
				68E48D3C184A247D00600FA5 /* Kidney JohnTests.xctest */,
			);
			name = Products;
			sourceTree = "<group>";
		};
		68E48D1A184A247D00600FA5 /* Frameworks */ = {
			isa = PBXGroup;
			children = (
				68FBB1D91CAA3C9F0014F350 /* WebImage.framework */,
				68FBB1D71CAA3C970014F350 /* CocoaLumberjackSwift.framework */,
				68FBB1C51CAA39430014F350 /* CocoaLumberjack.framework */,
				6877E18A1CA8B7E7005319F2 /* CloudKit.framework */,
				685C164518E21A4900088D26 /* MessageUI.framework */,
				68E461CF185B4BD5008D3E36 /* Social.framework */,
				68E48D1B184A247D00600FA5 /* Foundation.framework */,
				68E48D1D184A247D00600FA5 /* CoreGraphics.framework */,
				68E48D1F184A247D00600FA5 /* UIKit.framework */,
				68E48D3D184A247D00600FA5 /* XCTest.framework */,
			);
			name = Frameworks;
			sourceTree = "<group>";
		};
		68E48D21184A247D00600FA5 /* Kidney John */ = {
			isa = PBXGroup;
			children = (
				6877E1891CA8B7E3005319F2 /* Kidney John.entitlements */,
				68A2D60F1A5EBB65000DA2CF /* Categories */,
				68E48D5F184C062F00600FA5 /* Models */,
				C95A0B9A1B06CF0D007AA777 /* Data Sources */,
				68DF729E18BEBA2F00878497 /* Cells */,
				68CE160718BEB6B600127AA7 /* Stores */,
				68DE98591C347E9B00F6AAC0 /* Operations */,
				6832C37319245E7E00E94788 /* UIActivity */,
				68ADED0F1BACEB5700977DCF /* Flow Layouts */,
				68A7920A18BD58FE009F9CC7 /* View Controllers */,
				C961F2621AA5598D0015E67F /* Launch Screen.xib */,
				68E48D2D184A247D00600FA5 /* Main_iPhone.storyboard */,
				68E891321BB204B30005A5DA /* ImageStoryboard.storyboard */,
				68E48D36184A247D00600FA5 /* Images.xcassets */,
				68FBB1C81CAA3AAF0014F350 /* 3rd-Party Libraries */,
				68E48D22184A247D00600FA5 /* Supporting Files */,
			);
			path = "Kidney John";
			sourceTree = "<group>";
		};
		68E48D22184A247D00600FA5 /* Supporting Files */ = {
			isa = PBXGroup;
			children = (
				68659F3D1A5E99240048A887 /* Settings.bundle */,
				68006C751BAB58E2007F8A00 /* AppDelegate.swift */,
				6891D13B191C7F1B001AD6A5 /* KJConstants.h */,
				6891D13C191C7F1B001AD6A5 /* KJConstants.m */,
				680006DF1910C4150002D604 /* ComicThumbs */,
				685C171018E2745A00088D26 /* Comics */,
				68E461FD1865CA87008D3E36 /* JohnRoderickPaine.ttf */,
				68E48D23184A247D00600FA5 /* Kidney John-Info.plist */,
				68E48D24184A247D00600FA5 /* InfoPlist.strings */,
				68E48D29184A247D00600FA5 /* Kidney John-Prefix.pch */,
				68211A231927A95000B24BF1 /* Localizable.strings */,
				687CE8141B8B204E00B1DD66 /* Kidney John-Bridging-Header.h */,
			);
			name = "Supporting Files";
			sourceTree = "<group>";
		};
		68E48D43184A247D00600FA5 /* Kidney JohnTests */ = {
			isa = PBXGroup;
			children = (
				681347041AF26781009DCF88 /* KJVideoCellTests.m */,
				68E48D44184A247D00600FA5 /* Supporting Files */,
			);
			path = "Kidney JohnTests";
			sourceTree = "<group>";
		};
		68E48D44184A247D00600FA5 /* Supporting Files */ = {
			isa = PBXGroup;
			children = (
				68E48D45184A247D00600FA5 /* Kidney JohnTests-Info.plist */,
				68E48D46184A247D00600FA5 /* InfoPlist.strings */,
			);
			name = "Supporting Files";
			sourceTree = "<group>";
		};
		68E48D5F184C062F00600FA5 /* Models */ = {
			isa = PBXGroup;
			children = (
				68E461D918604EBB008D3E36 /* Kidney John.xcdatamodeld */,
				68E4D4681A16D73D00D3D51B /* KJSocialLink.h */,
				68E4D4691A16D73D00D3D51B /* KJSocialLink.m */,
				68024D321A628DA600D2A900 /* KJSocialLink+Methods.h */,
				68024D331A628DA600D2A900 /* KJSocialLink+Methods.m */,
				68E461EB18609897008D3E36 /* KJVideo.h */,
				68E461EC18609897008D3E36 /* KJVideo.m */,
				68E1D0391A60BA6B0054C7E1 /* KJVideo+Methods.h */,
				68E1D03A1A60BA6B0054C7E1 /* KJVideo+Methods.m */,
				685C171518E29B5300088D26 /* KJComic.h */,
				685C171618E29B5300088D26 /* KJComic.m */,
				68E1D0361A6083650054C7E1 /* KJComic+Methods.h */,
				68E1D0371A6083650054C7E1 /* KJComic+Methods.m */,
				68E461F11860BD94008D3E36 /* KJRandomImage.h */,
				68E461F21860BD94008D3E36 /* KJRandomImage.m */,
			);
			name = Models;
			sourceTree = "<group>";
		};
		68FBB1C81CAA3AAF0014F350 /* 3rd-Party Libraries */ = {
			isa = PBXGroup;
			children = (
				68FBB1CC1CAA3AD40014F350 /* PBWebViewController.h */,
				68FBB1CD1CAA3AD40014F350 /* PBWebViewController.m */,
				68FBB1CF1CAA3ADA0014F350 /* PBYouTubeVideoView.html */,
				68FBB1D01CAA3ADA0014F350 /* PBYouTubeVideoViewController.h */,
				68FBB1D11CAA3ADA0014F350 /* PBYouTubeVideoViewController.m */,
				68FBB1D41CAA3AE10014F350 /* Reachability.h */,
				68FBB1D51CAA3AE10014F350 /* Reachability.m */,
			);
			name = "3rd-Party Libraries";
			sourceTree = "<group>";
		};
		C95A0B9A1B06CF0D007AA777 /* Data Sources */ = {
			isa = PBXGroup;
			children = (
				686803AB1CAA0D960058FA0A /* DoodlesViewDataSource.swift */,
			);
			name = "Data Sources";
			sourceTree = "<group>";
		};
/* End PBXGroup section */

/* Begin PBXNativeTarget section */
		68E48D17184A247D00600FA5 /* Kidney John */ = {
			isa = PBXNativeTarget;
			buildConfigurationList = 68E48D4D184A247D00600FA5 /* Build configuration list for PBXNativeTarget "Kidney John" */;
			buildPhases = (
				68E48D14184A247D00600FA5 /* Sources */,
				68E48D15184A247D00600FA5 /* Frameworks */,
				68E48D16184A247D00600FA5 /* Resources */,
				68FBB1C71CAA39520014F350 /* ShellScript */,
			);
			buildRules = (
			);
			dependencies = (
			);
			name = "Kidney John";
			productName = "Kidney John";
			productReference = 68E48D18184A247D00600FA5 /* Kidney John.app */;
			productType = "com.apple.product-type.application";
		};
		68E48D3B184A247D00600FA5 /* Kidney JohnTests */ = {
			isa = PBXNativeTarget;
			buildConfigurationList = 68E48D50184A247D00600FA5 /* Build configuration list for PBXNativeTarget "Kidney JohnTests" */;
			buildPhases = (
				68E48D38184A247D00600FA5 /* Sources */,
				68E48D39184A247D00600FA5 /* Frameworks */,
				68E48D3A184A247D00600FA5 /* Resources */,
			);
			buildRules = (
			);
			dependencies = (
				68E48D42184A247D00600FA5 /* PBXTargetDependency */,
			);
			name = "Kidney JohnTests";
			productName = "Kidney JohnTests";
			productReference = 68E48D3C184A247D00600FA5 /* Kidney JohnTests.xctest */;
			productType = "com.apple.product-type.bundle.unit-test";
		};
/* End PBXNativeTarget section */

/* Begin PBXProject section */
		68E48D10184A247D00600FA5 /* Project object */ = {
			isa = PBXProject;
			attributes = {
				CLASSPREFIX = KJ;
				LastSwiftUpdateCheck = 0700;
				LastUpgradeCheck = 0700;
				ORGANIZATIONNAME = "Josh Lapham";
				TargetAttributes = {
					68E48D17184A247D00600FA5 = {
						DevelopmentTeam = 7HSH26BZGU;
						SystemCapabilities = {
							com.apple.Push = {
								enabled = 0;
							};
							com.apple.iCloud = {
								enabled = 1;
							};
						};
					};
					68E48D3B184A247D00600FA5 = {
						TestTargetID = 68E48D17184A247D00600FA5;
					};
				};
			};
			buildConfigurationList = 68E48D13184A247D00600FA5 /* Build configuration list for PBXProject "Kidney John" */;
			compatibilityVersion = "Xcode 3.2";
			developmentRegion = English;
			hasScannedForEncodings = 0;
			knownRegions = (
				en,
				Base,
				es,
			);
			mainGroup = 68E48D0F184A247D00600FA5;
			productRefGroup = 68E48D19184A247D00600FA5 /* Products */;
			projectDirPath = "";
			projectRoot = "";
			targets = (
				68E48D17184A247D00600FA5 /* Kidney John */,
				68E48D3B184A247D00600FA5 /* Kidney JohnTests */,
			);
		};
/* End PBXProject section */

/* Begin PBXResourcesBuildPhase section */
		68E48D16184A247D00600FA5 /* Resources */ = {
			isa = PBXResourcesBuildPhase;
			buildActionMask = 2147483647;
			files = (
				68E891331BB204B30005A5DA /* ImageStoryboard.storyboard in Resources */,
				68E48D37184A247D00600FA5 /* Images.xcassets in Resources */,
				C968D7DA1A8C482800C3B621 /* KJComicListCell.xib in Resources */,
				68211A211927A95000B24BF1 /* Localizable.strings in Resources */,
				6876CFD71919B797003F3231 /* KJSocialLinkCell.xib in Resources */,
				68659F3E1A5E99240048A887 /* Settings.bundle in Resources */,
				68E48D2F184A247D00600FA5 /* Main_iPhone.storyboard in Resources */,
				68E48D26184A247D00600FA5 /* InfoPlist.strings in Resources */,
				685C171118E2745A00088D26 /* Comics in Resources */,
				68E461FE1865CA87008D3E36 /* JohnRoderickPaine.ttf in Resources */,
				680CF0C71A7F730F009250E3 /* KJVideoCell.xib in Resources */,
				68FBB1D21CAA3ADA0014F350 /* PBYouTubeVideoView.html in Resources */,
				680006E01910C4150002D604 /* ComicThumbs in Resources */,
				C961F2631AA5598D0015E67F /* Launch Screen.xib in Resources */,
			);
			runOnlyForDeploymentPostprocessing = 0;
		};
		68E48D3A184A247D00600FA5 /* Resources */ = {
			isa = PBXResourcesBuildPhase;
			buildActionMask = 2147483647;
			files = (
				68E48D48184A247D00600FA5 /* InfoPlist.strings in Resources */,
			);
			runOnlyForDeploymentPostprocessing = 0;
		};
/* End PBXResourcesBuildPhase section */

/* Begin PBXShellScriptBuildPhase section */
		68FBB1C71CAA39520014F350 /* ShellScript */ = {
			isa = PBXShellScriptBuildPhase;
			buildActionMask = 2147483647;
			files = (
			);
			inputPaths = (
				"$(SRCROOT)/Carthage/Build/iOS/CocoaLumberjackSwift.framework",
				"$(SRCROOT)/Carthage/Build/iOS/WebImage.framework",
			);
			outputPaths = (
			);
			runOnlyForDeploymentPostprocessing = 0;
			shellPath = /bin/sh;
			shellScript = "/usr/local/bin/carthage copy-frameworks";
		};
/* End PBXShellScriptBuildPhase section */

/* Begin PBXSourcesBuildPhase section */
		68E48D14184A247D00600FA5 /* Sources */ = {
			isa = PBXSourcesBuildPhase;
			buildActionMask = 2147483647;
			files = (
				680CF071190F8DBD00A0E296 /* KJComicDetailCell.m in Sources */,
				68ADED0C1BACD9B100977DCF /* DoodlesViewController.swift in Sources */,
				68E461ED18609897008D3E36 /* KJVideo.m in Sources */,
				680CF0C61A7F730F009250E3 /* KJVideoCell.m in Sources */,
				68CB19281BB1F3C50020DC56 /* SingleImageViewController.swift in Sources */,
				689C5B861AEC726900C70077 /* KJSocialLinkCell.m in Sources */,
				6877E18D1CA8BF03005319F2 /* FetchDataOperation.swift in Sources */,
				68E1D03B1A60BA6B0054C7E1 /* KJVideo+Methods.m in Sources */,
				686803AC1CAA0D960058FA0A /* DoodlesViewDataSource.swift in Sources */,
				686803AE1CAA17F80058FA0A /* ParseComicDataOperation.swift in Sources */,
				68DB8F041A6006D0005D33E2 /* UIImage+KJImageUtils.m in Sources */,
				688715581CAA2C670016BDED /* KJBaseCollectionViewCell.m in Sources */,
				68ADED131BACFA8C00977DCF /* ComicCell.swift in Sources */,
				686803AA1CA9ED7C0058FA0A /* ParseDoodleDataOperation.swift in Sources */,
				C9E467271AF1BDE8001F369C /* KJBaseTableViewCell.m in Sources */,
				68B9B83A1BA773F800B24B53 /* KJVideoFavouriteActivity.swift in Sources */,
				68FBB1D61CAA3AE10014F350 /* Reachability.m in Sources */,
				68DE985B1C347F2F00F6AAC0 /* FlushCoreData.swift in Sources */,
				6809619B1CA9D33C00980379 /* ParseDataOperation.swift in Sources */,
				68953A5A1BAE471E005CB192 /* DoodleCell.swift in Sources */,
				68B1BFAA1CA9107600F498F0 /* ParseVideoDataOperation.swift in Sources */,
				68024D341A628DA600D2A900 /* KJSocialLink+Methods.m in Sources */,
				68E461CE185B272A008D3E36 /* KJFavouritesListView.m in Sources */,
				683DC0341A6B5DF40051A7DB /* KJVideoViewController.m in Sources */,
				68E4D46A1A16D73D00D3D51B /* KJSocialLink.m in Sources */,
				68F31AFB19183A9200E816DC /* KJComicFavouriteActivity.m in Sources */,
				68ADED0A1BACD1C400977DCF /* KJTabBarController.swift in Sources */,
				68E48D68184C20A500600FA5 /* KJComicListView.m in Sources */,
				685C171718E29B5300088D26 /* KJComic.m in Sources */,
				68E461F31860BD94008D3E36 /* KJRandomImage.m in Sources */,
				68FBB1CE1CAA3AD40014F350 /* PBWebViewController.m in Sources */,
				6891D13D191C7F1B001AD6A5 /* KJConstants.m in Sources */,
				68006C761BAB58E2007F8A00 /* AppDelegate.swift in Sources */,
				C968D7D91A8C482800C3B621 /* KJComicListCell.m in Sources */,
				6876CFCD19184EC3003F3231 /* KJRandomFavouriteActivity.m in Sources */,
				68DB8F011A5FE296005D33E2 /* NSUserDefaults+KJSettings.m in Sources */,
				6876CFD0191882B4003F3231 /* KJFavDoodlesListView.m in Sources */,
				68E461DB18604EBB008D3E36 /* Kidney John.xcdatamodeld in Sources */,
				68A2D60E1A5EBB61000DA2CF /* UIFont+KJFonts.m in Sources */,
				688715551CAA2C340016BDED /* BaseCollectionViewCell.swift in Sources */,
				68DE98581C347E9700F6AAC0 /* Operation.swift in Sources */,
				680B6FF11A623D2D006807E4 /* UIFontDescriptor+JohnRoderickPaine.m in Sources */,
				68E48D5B184BEA7400600FA5 /* JPLYouTubeListView.m in Sources */,
				6876CFD51919A383003F3231 /* JPLReachabilityManager.m in Sources */,
				68A2D6121A5EC43C000DA2CF /* UIColor+KJColours.m in Sources */,
				68E1D0381A6083650054C7E1 /* KJComic+Methods.m in Sources */,
				68E461CB185B26F4008D3E36 /* KJMoreInitialView.m in Sources */,
				68ADED0E1BACEB5400977DCF /* FlowLayouts.swift in Sources */,
				68FBB1D31CAA3ADA0014F350 /* PBYouTubeVideoViewController.m in Sources */,
				C956F61F1AF204D600D5B9B0 /* UIViewController+KJUtils.m in Sources */,
			);
			runOnlyForDeploymentPostprocessing = 0;
		};
		68E48D38184A247D00600FA5 /* Sources */ = {
			isa = PBXSourcesBuildPhase;
			buildActionMask = 2147483647;
			files = (
				681347051AF26781009DCF88 /* KJVideoCellTests.m in Sources */,
			);
			runOnlyForDeploymentPostprocessing = 0;
		};
/* End PBXSourcesBuildPhase section */

/* Begin PBXTargetDependency section */
		68E48D42184A247D00600FA5 /* PBXTargetDependency */ = {
			isa = PBXTargetDependency;
			target = 68E48D17184A247D00600FA5 /* Kidney John */;
			targetProxy = 68E48D41184A247D00600FA5 /* PBXContainerItemProxy */;
		};
/* End PBXTargetDependency section */

/* Begin PBXVariantGroup section */
		68211A231927A95000B24BF1 /* Localizable.strings */ = {
			isa = PBXVariantGroup;
			children = (
				68211A221927A95000B24BF1 /* en */,
				68211A241927A98400B24BF1 /* es */,
			);
			name = Localizable.strings;
			sourceTree = "<group>";
		};
		68E48D24184A247D00600FA5 /* InfoPlist.strings */ = {
			isa = PBXVariantGroup;
			children = (
				68E48D25184A247D00600FA5 /* en */,
				68211A1D1927A70900B24BF1 /* es */,
			);
			name = InfoPlist.strings;
			sourceTree = "<group>";
		};
		68E48D2D184A247D00600FA5 /* Main_iPhone.storyboard */ = {
			isa = PBXVariantGroup;
			children = (
				68E48D2E184A247D00600FA5 /* Base */,
				68211A1B1927A70900B24BF1 /* es */,
			);
			name = Main_iPhone.storyboard;
			sourceTree = "<group>";
		};
		68E48D46184A247D00600FA5 /* InfoPlist.strings */ = {
			isa = PBXVariantGroup;
			children = (
				68E48D47184A247D00600FA5 /* en */,
				68211A1E1927A70900B24BF1 /* es */,
			);
			name = InfoPlist.strings;
			sourceTree = "<group>";
		};
/* End PBXVariantGroup section */

/* Begin XCBuildConfiguration section */
		68E48D4B184A247D00600FA5 /* Debug */ = {
			isa = XCBuildConfiguration;
			buildSettings = {
				ALWAYS_SEARCH_USER_PATHS = NO;
				CLANG_CXX_LANGUAGE_STANDARD = "gnu++0x";
				CLANG_CXX_LIBRARY = "libc++";
				CLANG_ENABLE_MODULES = YES;
				CLANG_ENABLE_OBJC_ARC = YES;
				CLANG_WARN_BOOL_CONVERSION = YES;
				CLANG_WARN_CONSTANT_CONVERSION = YES;
				CLANG_WARN_DIRECT_OBJC_ISA_USAGE = YES_ERROR;
				CLANG_WARN_EMPTY_BODY = YES;
				CLANG_WARN_ENUM_CONVERSION = YES;
				CLANG_WARN_INT_CONVERSION = YES;
				CLANG_WARN_OBJC_ROOT_CLASS = YES_ERROR;
				CLANG_WARN__DUPLICATE_METHOD_MATCH = YES;
				"CODE_SIGN_IDENTITY[sdk=iphoneos*]" = "";
				COPY_PHASE_STRIP = NO;
				ENABLE_BITCODE = NO;
				ENABLE_TESTABILITY = YES;
				GCC_C_LANGUAGE_STANDARD = gnu99;
				GCC_DYNAMIC_NO_PIC = NO;
				GCC_OPTIMIZATION_LEVEL = 0;
				GCC_PREPROCESSOR_DEFINITIONS = (
					"DEBUG=1",
					"$(inherited)",
				);
				GCC_SYMBOLS_PRIVATE_EXTERN = NO;
				GCC_WARN_64_TO_32_BIT_CONVERSION = YES;
				GCC_WARN_ABOUT_RETURN_TYPE = YES_ERROR;
				GCC_WARN_UNDECLARED_SELECTOR = YES;
				GCC_WARN_UNINITIALIZED_AUTOS = YES;
				GCC_WARN_UNUSED_FUNCTION = YES;
				GCC_WARN_UNUSED_VARIABLE = YES;
				IPHONEOS_DEPLOYMENT_TARGET = 7.0;
				ONLY_ACTIVE_ARCH = YES;
				PROVISIONING_PROFILE = "EAB57CD7-3139-4E6E-87B4-019760260B09";
				SDKROOT = iphoneos;
				TARGETED_DEVICE_FAMILY = "1,2";
			};
			name = Debug;
		};
		68E48D4C184A247D00600FA5 /* Release */ = {
			isa = XCBuildConfiguration;
			buildSettings = {
				ALWAYS_SEARCH_USER_PATHS = NO;
				CLANG_CXX_LANGUAGE_STANDARD = "gnu++0x";
				CLANG_CXX_LIBRARY = "libc++";
				CLANG_ENABLE_MODULES = YES;
				CLANG_ENABLE_OBJC_ARC = YES;
				CLANG_WARN_BOOL_CONVERSION = YES;
				CLANG_WARN_CONSTANT_CONVERSION = YES;
				CLANG_WARN_DIRECT_OBJC_ISA_USAGE = YES_ERROR;
				CLANG_WARN_EMPTY_BODY = YES;
				CLANG_WARN_ENUM_CONVERSION = YES;
				CLANG_WARN_INT_CONVERSION = YES;
				CLANG_WARN_OBJC_ROOT_CLASS = YES_ERROR;
				CLANG_WARN__DUPLICATE_METHOD_MATCH = YES;
				CODE_SIGN_IDENTITY = "iPhone Distribution: Josh Lapham (7HSH26BZGU)";
				"CODE_SIGN_IDENTITY[sdk=iphoneos*]" = "";
				COPY_PHASE_STRIP = YES;
				ENABLE_BITCODE = NO;
				ENABLE_NS_ASSERTIONS = NO;
				GCC_C_LANGUAGE_STANDARD = gnu99;
				GCC_WARN_64_TO_32_BIT_CONVERSION = YES;
				GCC_WARN_ABOUT_RETURN_TYPE = YES_ERROR;
				GCC_WARN_UNDECLARED_SELECTOR = YES;
				GCC_WARN_UNINITIALIZED_AUTOS = YES;
				GCC_WARN_UNUSED_FUNCTION = YES;
				GCC_WARN_UNUSED_VARIABLE = YES;
				IPHONEOS_DEPLOYMENT_TARGET = 7.0;
				PROVISIONING_PROFILE = "7E480498-5969-4C1D-B5FB-C7ACFCD46B02";
				SDKROOT = iphoneos;
				TARGETED_DEVICE_FAMILY = "1,2";
				VALIDATE_PRODUCT = YES;
			};
			name = Release;
		};
		68E48D4E184A247D00600FA5 /* Debug */ = {
			isa = XCBuildConfiguration;
			buildSettings = {
				ASSETCATALOG_COMPILER_APPICON_NAME = AppIcon;
				CLANG_ENABLE_MODULES = YES;
				CODE_SIGN_ENTITLEMENTS = "Kidney John/Kidney John.entitlements";
				CODE_SIGN_IDENTITY = "iPhone Developer";
				"CODE_SIGN_IDENTITY[sdk=iphoneos*]" = "iPhone Developer";
				ENABLE_BITCODE = NO;
				FRAMEWORK_SEARCH_PATHS = (
					"$(inherited)",
					"$(PROJECT_DIR)",
					"$(PROJECT_DIR)/Carthage/Build/iOS",
				);
				GCC_PRECOMPILE_PREFIX_HEADER = YES;
				GCC_PREFIX_HEADER = "Kidney John/Kidney John-Prefix.pch";
				INFOPLIST_FILE = "Kidney John/Kidney John-Info.plist";
				IPHONEOS_DEPLOYMENT_TARGET = 8.0;
				LD_RUNPATH_SEARCH_PATHS = "$(inherited) @executable_path/Frameworks";
				OTHER_LDFLAGS = (
					"-ObjC",
					"-l\"sqlite3\"",
					"-l\"stdc++.6\"",
					"-l\"z\"",
					"-framework",
					"\"AudioToolbox\"",
					"-framework",
					"\"CFNetwork\"",
					"-framework",
					"\"CoreData\"",
					"-framework",
					"\"CoreGraphics\"",
					"-framework",
					"\"CoreLocation\"",
					"-framework",
					"\"Foundation\"",
					"-framework",
					"\"ImageIO\"",
					"-framework",
					"\"MobileCoreServices\"",
					"-framework",
					"\"QuartzCore\"",
					"-framework",
					"\"Security\"",
					"-framework",
					"\"StoreKit\"",
					"-framework",
					"\"SystemConfiguration\"",
					"-weak_framework",
					"\"Accounts\"",
					"-weak_framework",
					"\"Social\"",
					"$(inherited)",
				);
				PRODUCT_BUNDLE_IDENTIFIER = "com.joshlapham.Kidney-John";
				PRODUCT_NAME = "$(TARGET_NAME)";
				PROVISIONING_PROFILE = "";
				SWIFT_OBJC_BRIDGING_HEADER = "Kidney John/Kidney John-Bridging-Header.h";
				SWIFT_OPTIMIZATION_LEVEL = "-Onone";
				TARGETED_DEVICE_FAMILY = "1,2";
				WRAPPER_EXTENSION = app;
			};
			name = Debug;
		};
		68E48D4F184A247D00600FA5 /* Release */ = {
			isa = XCBuildConfiguration;
			buildSettings = {
				ASSETCATALOG_COMPILER_APPICON_NAME = AppIcon;
				CLANG_ENABLE_MODULES = YES;
				CODE_SIGN_ENTITLEMENTS = "Kidney John/Kidney John.entitlements";
				CODE_SIGN_IDENTITY = "iPhone Developer";
				"CODE_SIGN_IDENTITY[sdk=iphoneos*]" = "iPhone Developer";
				ENABLE_BITCODE = NO;
				FRAMEWORK_SEARCH_PATHS = (
					"$(inherited)",
					"$(PROJECT_DIR)",
					"$(PROJECT_DIR)/Carthage/Build/iOS",
				);
				GCC_PRECOMPILE_PREFIX_HEADER = YES;
				GCC_PREFIX_HEADER = "Kidney John/Kidney John-Prefix.pch";
				INFOPLIST_FILE = "Kidney John/Kidney John-Info.plist";
				IPHONEOS_DEPLOYMENT_TARGET = 8.0;
				LD_RUNPATH_SEARCH_PATHS = "$(inherited) @executable_path/Frameworks";
				OTHER_LDFLAGS = (
					"-ObjC",
					"-l\"sqlite3\"",
					"-l\"stdc++.6\"",
					"-l\"z\"",
					"-framework",
					"\"AudioToolbox\"",
					"-framework",
					"\"CFNetwork\"",
					"-framework",
					"\"CoreData\"",
					"-framework",
					"\"CoreGraphics\"",
					"-framework",
					"\"CoreLocation\"",
					"-framework",
					"\"Foundation\"",
					"-framework",
					"\"ImageIO\"",
					"-framework",
					"\"MobileCoreServices\"",
					"-framework",
					"\"QuartzCore\"",
					"-framework",
					"\"Security\"",
					"-framework",
					"\"StoreKit\"",
					"-framework",
					"\"SystemConfiguration\"",
					"-weak_framework",
					"\"Accounts\"",
					"-weak_framework",
					"\"Social\"",
					"$(inherited)",
				);
				PRODUCT_BUNDLE_IDENTIFIER = "com.joshlapham.Kidney-John";
				PRODUCT_NAME = "$(TARGET_NAME)";
				PROVISIONING_PROFILE = "";
				SWIFT_OBJC_BRIDGING_HEADER = "Kidney John/Kidney John-Bridging-Header.h";
				TARGETED_DEVICE_FAMILY = "1,2";
				WRAPPER_EXTENSION = app;
			};
			name = Release;
		};
		68E48D51184A247D00600FA5 /* Debug */ = {
			isa = XCBuildConfiguration;
			buildSettings = {
				BUNDLE_LOADER = "$(BUILT_PRODUCTS_DIR)/Kidney John.app/Kidney John";
				FRAMEWORK_SEARCH_PATHS = (
					"$(SDKROOT)/Developer/Library/Frameworks",
					"$(inherited)",
					"$(DEVELOPER_FRAMEWORKS_DIR)",
				);
				GCC_PRECOMPILE_PREFIX_HEADER = YES;
				GCC_PREFIX_HEADER = "Kidney John/Kidney John-Prefix.pch";
				GCC_PREPROCESSOR_DEFINITIONS = (
					"DEBUG=1",
					"$(inherited)",
				);
				INFOPLIST_FILE = "Kidney JohnTests/Kidney JohnTests-Info.plist";
				PRODUCT_BUNDLE_IDENTIFIER = "com.joshlapham.${PRODUCT_NAME:rfc1034identifier}";
				PRODUCT_NAME = "$(TARGET_NAME)";
				TEST_HOST = "$(BUNDLE_LOADER)";
				WRAPPER_EXTENSION = xctest;
			};
			name = Debug;
		};
		68E48D52184A247D00600FA5 /* Release */ = {
			isa = XCBuildConfiguration;
			buildSettings = {
				BUNDLE_LOADER = "$(BUILT_PRODUCTS_DIR)/Kidney John.app/Kidney John";
				FRAMEWORK_SEARCH_PATHS = (
					"$(SDKROOT)/Developer/Library/Frameworks",
					"$(inherited)",
					"$(DEVELOPER_FRAMEWORKS_DIR)",
				);
				GCC_PRECOMPILE_PREFIX_HEADER = YES;
				GCC_PREFIX_HEADER = "Kidney John/Kidney John-Prefix.pch";
				INFOPLIST_FILE = "Kidney JohnTests/Kidney JohnTests-Info.plist";
				PRODUCT_BUNDLE_IDENTIFIER = "com.joshlapham.${PRODUCT_NAME:rfc1034identifier}";
				PRODUCT_NAME = "$(TARGET_NAME)";
				TEST_HOST = "$(BUNDLE_LOADER)";
				WRAPPER_EXTENSION = xctest;
			};
			name = Release;
		};
/* End XCBuildConfiguration section */

/* Begin XCConfigurationList section */
		68E48D13184A247D00600FA5 /* Build configuration list for PBXProject "Kidney John" */ = {
			isa = XCConfigurationList;
			buildConfigurations = (
				68E48D4B184A247D00600FA5 /* Debug */,
				68E48D4C184A247D00600FA5 /* Release */,
			);
			defaultConfigurationIsVisible = 0;
			defaultConfigurationName = Release;
		};
		68E48D4D184A247D00600FA5 /* Build configuration list for PBXNativeTarget "Kidney John" */ = {
			isa = XCConfigurationList;
			buildConfigurations = (
				68E48D4E184A247D00600FA5 /* Debug */,
				68E48D4F184A247D00600FA5 /* Release */,
			);
			defaultConfigurationIsVisible = 0;
			defaultConfigurationName = Release;
		};
		68E48D50184A247D00600FA5 /* Build configuration list for PBXNativeTarget "Kidney JohnTests" */ = {
			isa = XCConfigurationList;
			buildConfigurations = (
				68E48D51184A247D00600FA5 /* Debug */,
				68E48D52184A247D00600FA5 /* Release */,
			);
			defaultConfigurationIsVisible = 0;
			defaultConfigurationName = Release;
		};
/* End XCConfigurationList section */

/* Begin XCVersionGroup section */
		68E461D918604EBB008D3E36 /* Kidney John.xcdatamodeld */ = {
			isa = XCVersionGroup;
			children = (
				6875F6CA1BA535BB00209015 /* Kidney John 1.1.2.xcdatamodel */,
				683431621A69AD550050745D /* Kidney John 1.2.xcdatamodel */,
				68E461DA18604EBB008D3E36 /* Kidney John.xcdatamodel */,
			);
			currentVersion = 6875F6CA1BA535BB00209015 /* Kidney John 1.1.2.xcdatamodel */;
			name = "Kidney John.xcdatamodeld";
			path = "Models/Kidney John.xcdatamodeld";
			sourceTree = "<group>";
			versionGroupType = wrapper.xcdatamodel;
		};
/* End XCVersionGroup section */
	};
	rootObject = 68E48D10184A247D00600FA5 /* Project object */;
}
